
Microsoft Visual Studio Solution File, Format Version 11.00
# Visual Studio 2010
Project("{E24C65DC-7377-472B-9ABA-BC803B73C61A}") = "Www", "Www\", "{6732C7C7-2A2D-42BF-9A73-EEEB0E9175A6}"
	ProjectSection(WebsiteProperties) = preProject
		TargetFrameworkMoniker = ".NETFramework,Version%3Dv4.0"
		ProjectReferences = "{95F0F7EA-C47B-413D-901B-637FE60522D3}|YourTravel_DAL.dll;{8666C149-F8D1-47CE-B5E2-BEE0BC844A9A}|MyGeneration.dOOdads.dll;"
		Debug.AspNetCompiler.VirtualPath = "/Www"
		Debug.AspNetCompiler.PhysicalPath = "Www\"
		Debug.AspNetCompiler.TargetPath = "PrecompiledWeb\Www\"
		Debug.AspNetCompiler.Updateable = "true"
		Debug.AspNetCompiler.ForceOverwrite = "true"
		Debug.AspNetCompiler.FixedNames = "false"
		Debug.AspNetCompiler.Debug = "True"
		Release.AspNetCompiler.VirtualPath = "/Www"
		Release.AspNetCompiler.PhysicalPath = "Www\"
		Release.AspNetCompiler.TargetPath = "PrecompiledWeb\Www\"
		Release.AspNetCompiler.Updateable = "true"
		Release.AspNetCompiler.ForceOverwrite = "true"
		Release.AspNetCompiler.FixedNames = "false"
		Release.AspNetCompiler.Debug = "False"
		VWDPort = "30877"
		DefaultWebSiteLanguage = "Visual C#"
	EndProjectSection
EndProject
Project("{FAE04EC0-301F-11D3-BF4B-00C04F79EFBC}") = "MyGeneration.dOOdads", "Db\DALProjects\MyGeneration.dOOdads\MyGeneration.dOOdads.csproj", "{8666C149-F8D1-47CE-B5E2-BEE0BC844A9A}"
EndProject
Project("{FAE04EC0-301F-11D3-BF4B-00C04F79EFBC}") = "YourTravel_DAL", "Db\DALProjects\YourTravel_DAL\YourTravel_DAL.csproj", "{95F0F7EA-C47B-413D-901B-637FE60522D3}"
EndProject
Global
	GlobalSection(SolutionConfigurationPlatforms) = preSolution
		Debug|Any CPU = Debug|Any CPU
		Release|Any CPU = Release|Any CPU
	EndGlobalSection
	GlobalSection(ProjectConfigurationPlatforms) = postSolution
		{6732C7C7-2A2D-42BF-9A73-EEEB0E9175A6}.Debug|Any CPU.ActiveCfg = Debug|Any CPU
		{6732C7C7-2A2D-42BF-9A73-EEEB0E9175A6}.Debug|Any CPU.Build.0 = Debug|Any CPU
		{6732C7C7-2A2D-42BF-9A73-EEEB0E9175A6}.Release|Any CPU.ActiveCfg = Debug|Any CPU
		{6732C7C7-2A2D-42BF-9A73-EEEB0E9175A6}.Release|Any CPU.Build.0 = Debug|Any CPU
		{8666C149-F8D1-47CE-B5E2-BEE0BC844A9A}.Debug|Any CPU.ActiveCfg = Debug|Any CPU
		{8666C149-F8D1-47CE-B5E2-BEE0BC844A9A}.Debug|Any CPU.Build.0 = Debug|Any CPU
		{8666C149-F8D1-47CE-B5E2-BEE0BC844A9A}.Release|Any CPU.ActiveCfg = Release|Any CPU
		{8666C149-F8D1-47CE-B5E2-BEE0BC844A9A}.Release|Any CPU.Build.0 = Release|Any CPU
		{95F0F7EA-C47B-413D-901B-637FE60522D3}.Debug|Any CPU.ActiveCfg = Debug|Any CPU
		{95F0F7EA-C47B-413D-901B-637FE60522D3}.Debug|Any CPU.Build.0 = Debug|Any CPU
		{95F0F7EA-C47B-413D-901B-637FE60522D3}.Release|Any CPU.ActiveCfg = Release|Any CPU
		{95F0F7EA-C47B-413D-901B-637FE60522D3}.Release|Any CPU.Build.0 = Release|Any CPU
	EndGlobalSection
	GlobalSection(SolutionProperties) = preSolution
		HideSolutionNode = FALSE
	EndGlobalSection
EndGlobal
